
Microsoft Visual Studio Solution File, Format Version 12.00
# Visual Studio 15
VisualStudioVersion = 15.0.27130.2010
MinimumVisualStudioVersion = 10.0.40219.1
Project("{FAE04EC0-301F-11D3-BF4B-00C04F79EFBC}") = "MemoryGame", "MemoryGame\MemoryGame.csproj", "{2D356803-0420-4776-A5AE-31628F454884}"
EndProject
Global
	GlobalSection(SolutionConfigurationPlatforms) = preSolution
		Debug|Any CPU = Debug|Any CPU
		Release|Any CPU = Release|Any CPU
	EndGlobalSection
	GlobalSection(ProjectConfigurationPlatforms) = postSolution
		{2D356803-0420-4776-A5AE-31628F454884}.Debug|Any CPU.ActiveCfg = Debug|Any CPU
		{2D356803-0420-4776-A5AE-31628F454884}.Debug|Any CPU.Build.0 = Debug|Any CPU
		{2D356803-0420-4776-A5AE-31628F454884}.Release|Any CPU.ActiveCfg = Release|Any CPU
		{2D356803-0420-4776-A5AE-31628F454884}.Release|Any CPU.Build.0 = Release|Any CPU
	EndGlobalSection
	GlobalSection(SolutionProperties) = preSolution
		HideSolutionNode = FALSE
	EndGlobalSection
	GlobalSection(ExtensibilityGlobals) = postSolution
		SolutionGuid = {4EF950CE-78BD-457B-BCFE-EC77E42FD271}
	EndGlobalSection
EndGlobal
